
Microsoft Visual Studio Solution File, Format Version 12.00
# Visual Studio 2013
VisualStudioVersion = 12.0.21005.1
MinimumVisualStudioVersion = 10.0.40219.1
Project("{E24C65DC-7377-472B-9ABA-BC803B73C61A}") = "Web(1)", "http://localhost:21979", "{53EB05AD-347F-400A-A84B-CD3FB2E9F950}"
	ProjectSection(WebsiteProperties) = preProject
		UseIISExpress = "true"
		TargetFrameworkMoniker = ".NETFramework,Version%3Dv2.0"
		Debug.AspNetCompiler.VirtualPath = "/localhost_21979"
		Debug.AspNetCompiler.PhysicalPath = "F:\asp\QPAdmin\Web\"
		Debug.AspNetCompiler.TargetPath = "PrecompiledWeb\localhost_21979\"
		Debug.AspNetCompiler.Updateable = "true"
		Debug.AspNetCompiler.ForceOverwrite = "true"
		Debug.AspNetCompiler.FixedNames = "false"
		Debug.AspNetCompiler.Debug = "True"
		Release.AspNetCompiler.VirtualPath = "/localhost_21979"
		Release.AspNetCompiler.PhysicalPath = "F:\asp\QPAdmin\Web\"
		Release.AspNetCompiler.TargetPath = "PrecompiledWeb\localhost_21979\"
		Release.AspNetCompiler.Updateable = "true"
		Release.AspNetCompiler.ForceOverwrite = "true"
		Release.AspNetCompiler.FixedNames = "false"
		Release.AspNetCompiler.Debug = "False"
		SlnRelativePath = "F:\asp\QPAdmin\Web\"
	EndProjectSection
EndProject
Global
	GlobalSection(SolutionConfigurationPlatforms) = preSolution
		Debug|Any CPU = Debug|Any CPU
	EndGlobalSection
	GlobalSection(ProjectConfigurationPlatforms) = postSolution
		{53EB05AD-347F-400A-A84B-CD3FB2E9F950}.Debug|Any CPU.ActiveCfg = Debug|Any CPU
		{53EB05AD-347F-400A-A84B-CD3FB2E9F950}.Debug|Any CPU.Build.0 = Debug|Any CPU
	EndGlobalSection
	GlobalSection(SolutionProperties) = preSolution
		HideSolutionNode = FALSE
	EndGlobalSection
EndGlobal
